PODS:
  - Alamofire (5.0.0-rc.2)
  - AlamofireImage (4.0.0-beta.5):
    - Alamofire (~> 5.0.0-rc.2)
  - CrossroadRegex (1.1.0)
  - JGProgressHUD (2.0.4)
  - Kanna (5.0.0)
  - KeychainAccess (3.2.0)
  - Ladybug (2.0.0)
  - SnapKit (5.0.1)
  - SwiftDate (6.1.0)
  - SwiftLint (0.35.0)
  - TUSafariActivity (1.0.4)
  - UIButtonSetBackgroundColorForState (0.1.0)

DEPENDENCIES:
  - Alamofire (~> 5.0.0-rc.2)
  - AlamofireImage (~> 4.0.0-beta.5)
  - CrossroadRegex
  - JGProgressHUD
  - Kanna
  - KeychainAccess
  - Ladybug
  - SnapKit
  - SwiftDate
  - SwiftLint
  - TUSafariActivity
  - UIButtonSetBackgroundColorForState

SPEC REPOS:
  trunk:
    - Alamofire
    - AlamofireImage
    - CrossroadRegex
    - JGProgressHUD
    - Kanna
    - KeychainAccess
    - Ladybug
    - SnapKit
    - SwiftDate
    - SwiftLint
    - TUSafariActivity
    - UIButtonSetBackgroundColorForState

SPEC CHECKSUMS:
  Alamofire: f9450d3c7f6bea2ad62e7a541c3e9b186c7991d6
  AlamofireImage: f6dfe201f6d59cc6a045b5cb228b58962b8ef31d
  CrossroadRegex: 5eaadb3f7b4014728f1cbd1014756b126c1dbd9a
  JGProgressHUD: 62658b14e72cccf179efc7a13bcb54d30b92fc22
  Kanna: a32875df62975f8f4b871e933b4ea1a5c3b8be0f
  KeychainAccess: 3b1bf8a77eb4c6ea1ce9404c292e48f948954c6b
  Ladybug: f445480856a4971ef401abcb14ff8ea2d1178785
  SnapKit: 97b92857e3df3a0c71833cce143274bf6ef8e5eb
  SwiftDate: fa2bb3962056bb44047b4b85a30044e5eae30b03
  SwiftLint: 5553187048b900c91aa03552807681bb6b027846
  TUSafariActivity: afc55a00965377939107ce4fdc7f951f62454546
  UIButtonSetBackgroundColorForState: fcc963a30f972e15434bacebefe042033940a438

PODFILE CHECKSUM: fc516d42589021f1570f81233a291ef0605f64bc

COCOAPODS: 1.11.2
